
Microsoft Visual Studio Solution File, Format Version 12.00
# Visual Studio Version 16
VisualStudioVersion = 16.0.31624.102
MinimumVisualStudioVersion = 10.0.40219.1
Project("{8BC9CEB8-8B4A-11D0-8D11-00A0C91BC942}") = "Project1", "Project1\Project1.vcxproj", "{2CD3A9BB-C4F4-4A07-865C-20BA21D3C8FC}"
EndProject
Project("{8BC9CEB8-8B4A-11D0-8D11-00A0C91BC942}") = "Project2", "..\Project2\Project2\Project2.vcxproj", "{236AEE3C-A4C7-4B7B-AFE7-02E0B2B3FA8A}"
EndProject
Project("{8BC9CEB8-8B4A-11D0-8D11-00A0C91BC942}") = "Project3", "..\Project3\Project3\Project3.vcxproj", "{0686B5D7-82FE-447F-A0F9-FCFBB9BC64D3}"
EndProject
Project("{8BC9CEB8-8B4A-11D0-8D11-00A0C91BC942}") = "Project4", "..\Project4\Project4\Project4.vcxproj", "{045DFF89-C0D2-4B6F-BA74-16515E736D35}"
EndProject
Project("{8BC9CEB8-8B4A-11D0-8D11-00A0C91BC942}") = "Project5", "..\Project5\Project5\Project5.vcxproj", "{AE8D0CF6-C11B-429B-AA91-D3C695E4489D}"
EndProject
Project("{8BC9CEB8-8B4A-11D0-8D11-00A0C91BC942}") = "Project6", "..\Project6\Project6\Project6.vcxproj", "{D86F0833-C4F8-4A1A-AC71-4AF3867B47DE}"
EndProject
Project("{8BC9CEB8-8B4A-11D0-8D11-00A0C91BC942}") = "Project7", "..\Project7\Project7\Project7.vcxproj", "{A14E24AB-6333-4658-8BEB-351F2B9CC515}"
EndProject
Project("{8BC9CEB8-8B4A-11D0-8D11-00A0C91BC942}") = "Project8", "..\Project8\Project8\Project8.vcxproj", "{8C6716BB-2447-4763-8D55-98012807562C}"
EndProject
Project("{8BC9CEB8-8B4A-11D0-8D11-00A0C91BC942}") = "Project9", "..\Project9\Project9\Project9.vcxproj", "{9BDC0B2B-8FE4-4B61-BFA8-B827C444E33A}"
EndProject
Project("{8BC9CEB8-8B4A-11D0-8D11-00A0C91BC942}") = "Project10", "..\Project10\Project10\Project10.vcxproj", "{F6F02B8E-5364-4F3D-9F80-654BDAB5FEDF}"
EndProject
Global
	GlobalSection(SolutionConfigurationPlatforms) = preSolution
		Debug|x64 = Debug|x64
		Debug|x86 = Debug|x86
		Release|x64 = Release|x64
		Release|x86 = Release|x86
	EndGlobalSection
	GlobalSection(ProjectConfigurationPlatforms) = postSolution
		{2CD3A9BB-C4F4-4A07-865C-20BA21D3C8FC}.Debug|x64.ActiveCfg = Debug|x64
		{2CD3A9BB-C4F4-4A07-865C-20BA21D3C8FC}.Debug|x64.Build.0 = Debug|x64
		{2CD3A9BB-C4F4-4A07-865C-20BA21D3C8FC}.Debug|x86.ActiveCfg = Debug|Win32
		{2CD3A9BB-C4F4-4A07-865C-20BA21D3C8FC}.Debug|x86.Build.0 = Debug|Win32
		{2CD3A9BB-C4F4-4A07-865C-20BA21D3C8FC}.Release|x64.ActiveCfg = Release|x64
		{2CD3A9BB-C4F4-4A07-865C-20BA21D3C8FC}.Release|x64.Build.0 = Release|x64
		{2CD3A9BB-C4F4-4A07-865C-20BA21D3C8FC}.Release|x86.ActiveCfg = Release|Win32
		{2CD3A9BB-C4F4-4A07-865C-20BA21D3C8FC}.Release|x86.Build.0 = Release|Win32
		{236AEE3C-A4C7-4B7B-AFE7-02E0B2B3FA8A}.Debug|x64.ActiveCfg = Debug|x64
		{236AEE3C-A4C7-4B7B-AFE7-02E0B2B3FA8A}.Debug|x64.Build.0 = Debug|x64
		{236AEE3C-A4C7-4B7B-AFE7-02E0B2B3FA8A}.Debug|x86.ActiveCfg = Debug|Win32
		{236AEE3C-A4C7-4B7B-AFE7-02E0B2B3FA8A}.Debug|x86.Build.0 = Debug|Win32
		{236AEE3C-A4C7-4B7B-AFE7-02E0B2B3FA8A}.Release|x64.ActiveCfg = Release|x64
		{236AEE3C-A4C7-4B7B-AFE7-02E0B2B3FA8A}.Release|x64.Build.0 = Release|x64
		{236AEE3C-A4C7-4B7B-AFE7-02E0B2B3FA8A}.Release|x86.ActiveCfg = Release|Win32
		{236AEE3C-A4C7-4B7B-AFE7-02E0B2B3FA8A}.Release|x86.Build.0 = Release|Win32
		{0686B5D7-82FE-447F-A0F9-FCFBB9BC64D3}.Debug|x64.ActiveCfg = Debug|x64
		{0686B5D7-82FE-447F-A0F9-FCFBB9BC64D3}.Debug|x64.Build.0 = Debug|x64
		{0686B5D7-82FE-447F-A0F9-FCFBB9BC64D3}.Debug|x86.ActiveCfg = Debug|Win32
		{0686B5D7-82FE-447F-A0F9-FCFBB9BC64D3}.Debug|x86.Build.0 = Debug|Win32
		{0686B5D7-82FE-447F-A0F9-FCFBB9BC64D3}.Release|x64.ActiveCfg = Release|x64
		{0686B5D7-82FE-447F-A0F9-FCFBB9BC64D3}.Release|x64.Build.0 = Release|x64
		{0686B5D7-82FE-447F-A0F9-FCFBB9BC64D3}.Release|x86.ActiveCfg = Release|Win32
		{0686B5D7-82FE-447F-A0F9-FCFBB9BC64D3}.Release|x86.Build.0 = Release|Win32
		{045DFF89-C0D2-4B6F-BA74-16515E736D35}.Debug|x64.ActiveCfg = Debug|x64
		{045DFF89-C0D2-4B6F-BA74-16515E736D35}.Debug|x64.Build.0 = Debug|x64
		{045DFF89-C0D2-4B6F-BA74-16515E736D35}.Debug|x86.ActiveCfg = Debug|Win32
		{045DFF89-C0D2-4B6F-BA74-16515E736D35}.Debug|x86.Build.0 = Debug|Win32
		{045DFF89-C0D2-4B6F-BA74-16515E736D35}.Release|x64.ActiveCfg = Release|x64
		{045DFF89-C0D2-4B6F-BA74-16515E736D35}.Release|x64.Build.0 = Release|x64
		{045DFF89-C0D2-4B6F-BA74-16515E736D35}.Release|x86.ActiveCfg = Release|Win32
		{045DFF89-C0D2-4B6F-BA74-16515E736D35}.Release|x86.Build.0 = Release|Win32
		{AE8D0CF6-C11B-429B-AA91-D3C695E4489D}.Debug|x64.ActiveCfg = Debug|x64
		{AE8D0CF6-C11B-429B-AA91-D3C695E4489D}.Debug|x64.Build.0 = Debug|x64
		{AE8D0CF6-C11B-429B-AA91-D3C695E4489D}.Debug|x86.ActiveCfg = Debug|Win32
		{AE8D0CF6-C11B-429B-AA91-D3C695E4489D}.Debug|x86.Build.0 = Debug|Win32
		{AE8D0CF6-C11B-429B-AA91-D3C695E4489D}.Release|x64.ActiveCfg = Release|x64
		{AE8D0CF6-C11B-429B-AA91-D3C695E4489D}.Release|x64.Build.0 = Release|x64
		{AE8D0CF6-C11B-429B-AA91-D3C695E4489D}.Release|x86.ActiveCfg = Release|Win32
		{AE8D0CF6-C11B-429B-AA91-D3C695E4489D}.Release|x86.Build.0 = Release|Win32
		{D86F0833-C4F8-4A1A-AC71-4AF3867B47DE}.Debug|x64.ActiveCfg = Debug|x64
		{D86F0833-C4F8-4A1A-AC71-4AF3867B47DE}.Debug|x64.Build.0 = Debug|x64
		{D86F0833-C4F8-4A1A-AC71-4AF3867B47DE}.Debug|x86.ActiveCfg = Debug|Win32
		{D86F0833-C4F8-4A1A-AC71-4AF3867B47DE}.Debug|x86.Build.0 = Debug|Win32
		{D86F0833-C4F8-4A1A-AC71-4AF3867B47DE}.Release|x64.ActiveCfg = Release|x64
		{D86F0833-C4F8-4A1A-AC71-4AF3867B47DE}.Release|x64.Build.0 = Release|x64
		{D86F0833-C4F8-4A1A-AC71-4AF3867B47DE}.Release|x86.ActiveCfg = Release|Win32
		{D86F0833-C4F8-4A1A-AC71-4AF3867B47DE}.Release|x86.Build.0 = Release|Win32
		{A14E24AB-6333-4658-8BEB-351F2B9CC515}.Debug|x64.ActiveCfg = Debug|x64
		{A14E24AB-6333-4658-8BEB-351F2B9CC515}.Debug|x64.Build.0 = Debug|x64
		{A14E24AB-6333-4658-8BEB-351F2B9CC515}.Debug|x86.ActiveCfg = Debug|Win32
		{A14E24AB-6333-4658-8BEB-351F2B9CC515}.Debug|x86.Build.0 = Debug|Win32
		{A14E24AB-6333-4658-8BEB-351F2B9CC515}.Release|x64.ActiveCfg = Release|x64
		{A14E24AB-6333-4658-8BEB-351F2B9CC515}.Release|x64.Build.0 = Release|x64
		{A14E24AB-6333-4658-8BEB-351F2B9CC515}.Release|x86.ActiveCfg = Release|Win32
		{A14E24AB-6333-4658-8BEB-351F2B9CC515}.Release|x86.Build.0 = Release|Win32
		{8C6716BB-2447-4763-8D55-98012807562C}.Debug|x64.ActiveCfg = Debug|x64
		{8C6716BB-2447-4763-8D55-98012807562C}.Debug|x64.Build.0 = Debug|x64
		{8C6716BB-2447-4763-8D55-98012807562C}.Debug|x86.ActiveCfg = Debug|Win32
		{8C6716BB-2447-4763-8D55-98012807562C}.Debug|x86.Build.0 = Debug|Win32
		{8C6716BB-2447-4763-8D55-98012807562C}.Release|x64.ActiveCfg = Release|x64
		{8C6716BB-2447-4763-8D55-98012807562C}.Release|x64.Build.0 = Release|x64
		{8C6716BB-2447-4763-8D55-98012807562C}.Release|x86.ActiveCfg = Release|Win32
		{8C6716BB-2447-4763-8D55-98012807562C}.Release|x86.Build.0 = Release|Win32
		{9BDC0B2B-8FE4-4B61-BFA8-B827C444E33A}.Debug|x64.ActiveCfg = Debug|x64
		{9BDC0B2B-8FE4-4B61-BFA8-B827C444E33A}.Debug|x64.Build.0 = Debug|x64
		{9BDC0B2B-8FE4-4B61-BFA8-B827C444E33A}.Debug|x86.ActiveCfg = Debug|Win32
		{9BDC0B2B-8FE4-4B61-BFA8-B827C444E33A}.Debug|x86.Build.0 = Debug|Win32
		{9BDC0B2B-8FE4-4B61-BFA8-B827C444E33A}.Release|x64.ActiveCfg = Release|x64
		{9BDC0B2B-8FE4-4B61-BFA8-B827C444E33A}.Release|x64.Build.0 = Release|x64
		{9BDC0B2B-8FE4-4B61-BFA8-B827C444E33A}.Release|x86.ActiveCfg = Release|Win32
		{9BDC0B2B-8FE4-4B61-BFA8-B827C444E33A}.Release|x86.Build.0 = Release|Win32
		{F6F02B8E-5364-4F3D-9F80-654BDAB5FEDF}.Debug|x64.ActiveCfg = Debug|x64
		{F6F02B8E-5364-4F3D-9F80-654BDAB5FEDF}.Debug|x64.Build.0 = Debug|x64
		{F6F02B8E-5364-4F3D-9F80-654BDAB5FEDF}.Debug|x86.ActiveCfg = Debug|Win32
		{F6F02B8E-5364-4F3D-9F80-654BDAB5FEDF}.Debug|x86.Build.0 = Debug|Win32
		{F6F02B8E-5364-4F3D-9F80-654BDAB5FEDF}.Release|x64.ActiveCfg = Release|x64
		{F6F02B8E-5364-4F3D-9F80-654BDAB5FEDF}.Release|x64.Build.0 = Release|x64
		{F6F02B8E-5364-4F3D-9F80-654BDAB5FEDF}.Release|x86.ActiveCfg = Release|Win32
		{F6F02B8E-5364-4F3D-9F80-654BDAB5FEDF}.Release|x86.Build.0 = Release|Win32
	EndGlobalSection
	GlobalSection(SolutionProperties) = preSolution
		HideSolutionNode = FALSE
	EndGlobalSection
	GlobalSection(ExtensibilityGlobals) = postSolution
		SolutionGuid = {90676602-180B-43C1-A85C-99667A5AB42E}
	EndGlobalSection
EndGlobal
